
Microsoft Visual Studio Solution File, Format Version 12.00
# Visual Studio Version 16
VisualStudioVersion = 16.0.31402.337
MinimumVisualStudioVersion = 10.0.40219.1
Project("{FAE04EC0-301F-11D3-BF4B-00C04F79EFBC}") = "OrderProcessor", "OrderProcessor\OrderProcessor.csproj", "{EEBE6F34-4A5A-4BFA-8FA4-D634CFD024FD}"
EndProject
Project("{FAE04EC0-301F-11D3-BF4B-00C04F79EFBC}") = "OrderProcessRunner", "OrderProcessRunner\OrderProcessRunner.csproj", "{A2B5D148-0615-4DEA-85DD-29C214222B8B}"
EndProject
Global
	GlobalSection(SolutionConfigurationPlatforms) = preSolution
		Debug|Any CPU = Debug|Any CPU
		Release|Any CPU = Release|Any CPU
	EndGlobalSection
	GlobalSection(ProjectConfigurationPlatforms) = postSolution
		{EEBE6F34-4A5A-4BFA-8FA4-D634CFD024FD}.Debug|Any CPU.ActiveCfg = Debug|Any CPU
		{EEBE6F34-4A5A-4BFA-8FA4-D634CFD024FD}.Debug|Any CPU.Build.0 = Debug|Any CPU
		{EEBE6F34-4A5A-4BFA-8FA4-D634CFD024FD}.Release|Any CPU.ActiveCfg = Release|Any CPU
		{EEBE6F34-4A5A-4BFA-8FA4-D634CFD024FD}.Release|Any CPU.Build.0 = Release|Any CPU
		{A2B5D148-0615-4DEA-85DD-29C214222B8B}.Debug|Any CPU.ActiveCfg = Debug|Any CPU
		{A2B5D148-0615-4DEA-85DD-29C214222B8B}.Debug|Any CPU.Build.0 = Debug|Any CPU
		{A2B5D148-0615-4DEA-85DD-29C214222B8B}.Release|Any CPU.ActiveCfg = Release|Any CPU
		{A2B5D148-0615-4DEA-85DD-29C214222B8B}.Release|Any CPU.Build.0 = Release|Any CPU
	EndGlobalSection
	GlobalSection(SolutionProperties) = preSolution
		HideSolutionNode = FALSE
	EndGlobalSection
	GlobalSection(ExtensibilityGlobals) = postSolution
		SolutionGuid = {E17D63EC-C6A1-42FC-A296-662657A28B4F}
	EndGlobalSection
EndGlobal
